
Microsoft Visual Studio Solution File, Format Version 12.00
# Visual Studio Version 17
VisualStudioVersion = 17.8.34330.188
MinimumVisualStudioVersion = 10.0.40219.1
Project("{2150E333-8FDC-42A3-9474-1A3956D46DE8}") = "01-RabbitMQ.Client", "01-RabbitMQ.Client", "{89B0A1B6-2802-4830-8F0B-0BD269E4AFB7}"
EndProject
Project("{9A19103F-16F7-4668-BE54-9A1E7A4F7556}") = "RabbitMQClientPublishe.Console", "RabbitMQClient.Console\RabbitMQClientPublishe.Console.csproj", "{7793E980-7BDC-4098-B4CF-31ADC1844E4D}"
EndProject
Project("{9A19103F-16F7-4668-BE54-9A1E7A4F7556}") = "RabbitMQClientConsumer.Console", "RabbitMQClientConsumer.Console\RabbitMQClientConsumer.Console.csproj", "{82A41174-3FE3-4390-8691-446F9899DB52}"
EndProject
Project("{FAE04EC0-301F-11D3-BF4B-00C04F79EFBC}") = "RabbitMQClient.Customers.API", "RabbitMQClient.Customers.API\RabbitMQClient.Customers.API.csproj", "{2E178E33-EC39-45EB-9937-A17700C7B606}"
EndProject
Project("{2150E333-8FDC-42A3-9474-1A3956D46DE8}") = "Padrao_Publish_Subscrib", "Padrao_Publish_Subscrib", "{A4B1117A-49F7-4CF7-AFBC-0804752FA27E}"
EndProject
Project("{2150E333-8FDC-42A3-9474-1A3956D46DE8}") = "Publish", "Publish", "{571FE221-86F5-4034-A73F-81CB58A175BE}"
EndProject
Project("{2150E333-8FDC-42A3-9474-1A3956D46DE8}") = "Subscribe", "Subscribe", "{0B575208-F091-40EC-9F94-8516E4BD0D81}"
EndProject
Project("{FAE04EC0-301F-11D3-BF4B-00C04F79EFBC}") = "RabbitMQClient.Marketing.API", "RabbitMQClient.Marketing.API\RabbitMQClient.Marketing.API.csproj", "{9D62AE33-0E92-401D-8A36-9941764CE3BF}"
EndProject
Project("{2150E333-8FDC-42A3-9474-1A3956D46DE8}") = "02-MassTransit", "02-MassTransit", "{5622B55F-EACD-4DEB-87DB-D6E69AF291E9}"
EndProject
Project("{2150E333-8FDC-42A3-9474-1A3956D46DE8}") = "Publishe", "Publishe", "{251AABFE-4CEA-49F5-A5FD-FAC60954D298}"
EndProject
Project("{2150E333-8FDC-42A3-9474-1A3956D46DE8}") = "Subscribe", "Subscribe", "{0E95534E-CFB9-4579-84D5-73BDEB5183AC}"
EndProject
Project("{FAE04EC0-301F-11D3-BF4B-00C04F79EFBC}") = "MassTransite.Customer.API", "MassTransite.Customer.API\MassTransite.Customer.API.csproj", "{14D20CE7-8B32-46D5-909C-DEE919D2656E}"
EndProject
Global
	GlobalSection(SolutionConfigurationPlatforms) = preSolution
		Debug|Any CPU = Debug|Any CPU
		Release|Any CPU = Release|Any CPU
	EndGlobalSection
	GlobalSection(ProjectConfigurationPlatforms) = postSolution
		{7793E980-7BDC-4098-B4CF-31ADC1844E4D}.Debug|Any CPU.ActiveCfg = Debug|Any CPU
		{7793E980-7BDC-4098-B4CF-31ADC1844E4D}.Debug|Any CPU.Build.0 = Debug|Any CPU
		{7793E980-7BDC-4098-B4CF-31ADC1844E4D}.Release|Any CPU.ActiveCfg = Release|Any CPU
		{7793E980-7BDC-4098-B4CF-31ADC1844E4D}.Release|Any CPU.Build.0 = Release|Any CPU
		{82A41174-3FE3-4390-8691-446F9899DB52}.Debug|Any CPU.ActiveCfg = Debug|Any CPU
		{82A41174-3FE3-4390-8691-446F9899DB52}.Debug|Any CPU.Build.0 = Debug|Any CPU
		{82A41174-3FE3-4390-8691-446F9899DB52}.Release|Any CPU.ActiveCfg = Release|Any CPU
		{82A41174-3FE3-4390-8691-446F9899DB52}.Release|Any CPU.Build.0 = Release|Any CPU
		{2E178E33-EC39-45EB-9937-A17700C7B606}.Debug|Any CPU.ActiveCfg = Debug|Any CPU
		{2E178E33-EC39-45EB-9937-A17700C7B606}.Debug|Any CPU.Build.0 = Debug|Any CPU
		{2E178E33-EC39-45EB-9937-A17700C7B606}.Release|Any CPU.ActiveCfg = Release|Any CPU
		{2E178E33-EC39-45EB-9937-A17700C7B606}.Release|Any CPU.Build.0 = Release|Any CPU
		{9D62AE33-0E92-401D-8A36-9941764CE3BF}.Debug|Any CPU.ActiveCfg = Debug|Any CPU
		{9D62AE33-0E92-401D-8A36-9941764CE3BF}.Debug|Any CPU.Build.0 = Debug|Any CPU
		{9D62AE33-0E92-401D-8A36-9941764CE3BF}.Release|Any CPU.ActiveCfg = Release|Any CPU
		{9D62AE33-0E92-401D-8A36-9941764CE3BF}.Release|Any CPU.Build.0 = Release|Any CPU
		{14D20CE7-8B32-46D5-909C-DEE919D2656E}.Debug|Any CPU.ActiveCfg = Debug|Any CPU
		{14D20CE7-8B32-46D5-909C-DEE919D2656E}.Debug|Any CPU.Build.0 = Debug|Any CPU
		{14D20CE7-8B32-46D5-909C-DEE919D2656E}.Release|Any CPU.ActiveCfg = Release|Any CPU
		{14D20CE7-8B32-46D5-909C-DEE919D2656E}.Release|Any CPU.Build.0 = Release|Any CPU
	EndGlobalSection
	GlobalSection(SolutionProperties) = preSolution
		HideSolutionNode = FALSE
	EndGlobalSection
	GlobalSection(NestedProjects) = preSolution
		{7793E980-7BDC-4098-B4CF-31ADC1844E4D} = {89B0A1B6-2802-4830-8F0B-0BD269E4AFB7}
		{82A41174-3FE3-4390-8691-446F9899DB52} = {89B0A1B6-2802-4830-8F0B-0BD269E4AFB7}
		{2E178E33-EC39-45EB-9937-A17700C7B606} = {571FE221-86F5-4034-A73F-81CB58A175BE}
		{A4B1117A-49F7-4CF7-AFBC-0804752FA27E} = {89B0A1B6-2802-4830-8F0B-0BD269E4AFB7}
		{571FE221-86F5-4034-A73F-81CB58A175BE} = {A4B1117A-49F7-4CF7-AFBC-0804752FA27E}
		{0B575208-F091-40EC-9F94-8516E4BD0D81} = {A4B1117A-49F7-4CF7-AFBC-0804752FA27E}
		{9D62AE33-0E92-401D-8A36-9941764CE3BF} = {0B575208-F091-40EC-9F94-8516E4BD0D81}
		{251AABFE-4CEA-49F5-A5FD-FAC60954D298} = {5622B55F-EACD-4DEB-87DB-D6E69AF291E9}
		{0E95534E-CFB9-4579-84D5-73BDEB5183AC} = {5622B55F-EACD-4DEB-87DB-D6E69AF291E9}
		{14D20CE7-8B32-46D5-909C-DEE919D2656E} = {251AABFE-4CEA-49F5-A5FD-FAC60954D298}
	EndGlobalSection
	GlobalSection(ExtensibilityGlobals) = postSolution
		SolutionGuid = {C5730145-189E-4556-AEF1-9D3A7A0F369A}
	EndGlobalSection
EndGlobal
